// !$*UTF8*$!
{
	archiveVersion = 1;
	classes = {
	};
	objectVersion = 50;
	objects = {

/* Begin PBXBuildFile section */
		0D04EBE024373E80005DACFE /* AppDelegate.swift in Sources */ = {isa = PBXBuildFile; fileRef = 0D04EBDF24373E80005DACFE /* AppDelegate.swift */; };
		0D04EBE224373E80005DACFE /* SceneDelegate.swift in Sources */ = {isa = PBXBuildFile; fileRef = 0D04EBE124373E80005DACFE /* SceneDelegate.swift */; };
		0D04EBE424373E80005DACFE /* ViewController.swift in Sources */ = {isa = PBXBuildFile; fileRef = 0D04EBE324373E80005DACFE /* ViewController.swift */; };
		0D04EBE724373E80005DACFE /* Main.storyboard in Resources */ = {isa = PBXBuildFile; fileRef = 0D04EBE524373E80005DACFE /* Main.storyboard */; };
		0D04EBE924373E8A005DACFE /* Assets.xcassets in Resources */ = {isa = PBXBuildFile; fileRef = 0D04EBE824373E8A005DACFE /* Assets.xcassets */; };
		0D04EBEC24373E8A005DACFE /* LaunchScreen.storyboard in Resources */ = {isa = PBXBuildFile; fileRef = 0D04EBEA24373E8A005DACFE /* LaunchScreen.storyboard */; };
		0D04EBF724373F7F005DACFE /* SimpleSound.swift in Sources */ = {isa = PBXBuildFile; fileRef = 0D04EBF324373F7E005DACFE /* SimpleSound.swift */; };
		0D04EBF824373F7F005DACFE /* woof.m4a in Resources */ = {isa = PBXBuildFile; fileRef = 0D04EBF424373F7F005DACFE /* woof.m4a */; };
		0D04EBF924373F7F005DACFE /* meow.m4a in Resources */ = {isa = PBXBuildFile; fileRef = 0D04EBF524373F7F005DACFE /* meow.m4a */; };
		0D04EBFA24373F7F005DACFE /* moo.m4a in Resources */ = {isa = PBXBuildFile; fileRef = 0D04EBF624373F7F005DACFE /* moo.m4a */; };
/* End PBXBuildFile section */

/* Begin PBXFileReference section */
		0D04EBDC24373E80005DACFE /* AnimalSounds Lesson 18 ItADwS.app */ = {isa = PBXFileReference; explicitFileType = wrapper.application; includeInIndex = 0; path = "AnimalSounds Lesson 18 ItADwS.app"; sourceTree = BUILT_PRODUCTS_DIR; };
		0D04EBDF24373E80005DACFE /* AppDelegate.swift */ = {isa = PBXFileReference; lastKnownFileType = sourcecode.swift; path = AppDelegate.swift; sourceTree = "<group>"; };
		0D04EBE124373E80005DACFE /* SceneDelegate.swift */ = {isa = PBXFileReference; lastKnownFileType = sourcecode.swift; path = SceneDelegate.swift; sourceTree = "<group>"; };
		0D04EBE324373E80005DACFE /* ViewController.swift */ = {isa = PBXFileReference; lastKnownFileType = sourcecode.swift; path = ViewController.swift; sourceTree = "<group>"; };
		0D04EBE624373E80005DACFE /* Base */ = {isa = PBXFileReference; lastKnownFileType = file.storyboard; name = Base; path = Base.lproj/Main.storyboard; sourceTree = "<group>"; };
		0D04EBE824373E8A005DACFE /* Assets.xcassets */ = {isa = PBXFileReference; lastKnownFileType = folder.assetcatalog; path = Assets.xcassets; sourceTree = "<group>"; };
		0D04EBEB24373E8A005DACFE /* Base */ = {isa = PBXFileReference; lastKnownFileType = file.storyboard; name = Base; path = Base.lproj/LaunchScreen.storyboard; sourceTree = "<group>"; };
		0D04EBED24373E8A005DACFE /* Info.plist */ = {isa = PBXFileReference; lastKnownFileType = text.plist.xml; path = Info.plist; sourceTree = "<group>"; };
		0D04EBF324373F7E005DACFE /* SimpleSound.swift */ = {isa = PBXFileReference; fileEncoding = 4; lastKnownFileType = sourcecode.swift; path = SimpleSound.swift; sourceTree = "<group>"; };
		0D04EBF424373F7F005DACFE /* woof.m4a */ = {isa = PBXFileReference; lastKnownFileType = file; path = woof.m4a; sourceTree = "<group>"; };
		0D04EBF524373F7F005DACFE /* meow.m4a */ = {isa = PBXFileReference; lastKnownFileType = file; path = meow.m4a; sourceTree = "<group>"; };
		0D04EBF624373F7F005DACFE /* moo.m4a */ = {isa = PBXFileReference; lastKnownFileType = file; path = moo.m4a; sourceTree = "<group>"; };
/* End PBXFileReference section */

/* Begin PBXFrameworksBuildPhase section */
		0D04EBD924373E80005DACFE /* Frameworks */ = {
			isa = PBXFrameworksBuildPhase;
			buildActionMask = 2147483647;
			files = (
			);
			runOnlyForDeploymentPostprocessing = 0;
		};
/* End PBXFrameworksBuildPhase section */

/* Begin PBXGroup section */
		0D04EBD324373E7F005DACFE = {
			isa = PBXGroup;
			children = (
				0D04EBDE24373E80005DACFE /* AnimalSounds Lesson 18 ItADwS */,
				0D04EBDD24373E80005DACFE /* Products */,
			);
			sourceTree = "<group>";
		};
		0D04EBDD24373E80005DACFE /* Products */ = {
			isa = PBXGroup;
			children = (
				0D04EBDC24373E80005DACFE /* AnimalSounds Lesson 18 ItADwS.app */,
			);
			name = Products;
			sourceTree = "<group>";
		};
		0D04EBDE24373E80005DACFE /* AnimalSounds Lesson 18 ItADwS */ = {
			isa = PBXGroup;
			children = (
				0D04EBF524373F7F005DACFE /* meow.m4a */,
				0D04EBF624373F7F005DACFE /* moo.m4a */,
				0D04EBF324373F7E005DACFE /* SimpleSound.swift */,
				0D04EBF424373F7F005DACFE /* woof.m4a */,
				0D04EBDF24373E80005DACFE /* AppDelegate.swift */,
				0D04EBE124373E80005DACFE /* SceneDelegate.swift */,
				0D04EBE324373E80005DACFE /* ViewController.swift */,
				0D04EBE524373E80005DACFE /* Main.storyboard */,
				0D04EBE824373E8A005DACFE /* Assets.xcassets */,
				0D04EBEA24373E8A005DACFE /* LaunchScreen.storyboard */,
				0D04EBED24373E8A005DACFE /* Info.plist */,
			);
			path = "AnimalSounds Lesson 18 ItADwS";
			sourceTree = "<group>";
		};
/* End PBXGroup section */

/* Begin PBXNativeTarget section */
		0D04EBDB24373E80005DACFE /* AnimalSounds Lesson 18 ItADwS */ = {
			isa = PBXNativeTarget;
			buildConfigurationList = 0D04EBF024373E8A005DACFE /* Build configuration list for PBXNativeTarget "AnimalSounds Lesson 18 ItADwS" */;
			buildPhases = (
				0D04EBD824373E80005DACFE /* Sources */,
				0D04EBD924373E80005DACFE /* Frameworks */,
				0D04EBDA24373E80005DACFE /* Resources */,
			);
			buildRules = (
			);
			dependencies = (
			);
			name = "AnimalSounds Lesson 18 ItADwS";
			productName = "AnimalSounds Lesson 18 ItADwS";
			productReference = 0D04EBDC24373E80005DACFE /* AnimalSounds Lesson 18 ItADwS.app */;
			productType = "com.apple.product-type.application";
		};
/* End PBXNativeTarget section */

/* Begin PBXProject section */
		0D04EBD424373E7F005DACFE /* Project object */ = {
			isa = PBXProject;
			attributes = {
				LastSwiftUpdateCheck = 1140;
				LastUpgradeCheck = 1140;
				ORGANIZATIONNAME = "Ivan Prybolovetz";
				TargetAttributes = {
					0D04EBDB24373E80005DACFE = {
						CreatedOnToolsVersion = 11.4;
					};
				};
			};
			buildConfigurationList = 0D04EBD724373E7F005DACFE /* Build configuration list for PBXProject "AnimalSounds Lesson 18 ItADwS" */;
			compatibilityVersion = "Xcode 9.3";
			developmentRegion = en;
			hasScannedForEncodings = 0;
			knownRegions = (
				en,
				Base,
			);
			mainGroup = 0D04EBD324373E7F005DACFE;
			productRefGroup = 0D04EBDD24373E80005DACFE /* Products */;
			projectDirPath = "";
			projectRoot = "";
			targets = (
				0D04EBDB24373E80005DACFE /* AnimalSounds Lesson 18 ItADwS */,
			);
		};
/* End PBXProject section */

/* Begin PBXResourcesBuildPhase section */
		0D04EBDA24373E80005DACFE /* Resources */ = {
			isa = PBXResourcesBuildPhase;
			buildActionMask = 2147483647;
			files = (
				0D04EBFA24373F7F005DACFE /* moo.m4a in Resources */,
				0D04EBEC24373E8A005DACFE /* LaunchScreen.storyboard in Resources */,
				0D04EBE924373E8A005DACFE /* Assets.xcassets in Resources */,
				0D04EBE724373E80005DACFE /* Main.storyboard in Resources */,
				0D04EBF924373F7F005DACFE /* meow.m4a in Resources */,
				0D04EBF824373F7F005DACFE /* woof.m4a in Resources */,
			);
			runOnlyForDeploymentPostprocessing = 0;
		};
/* End PBXResourcesBuildPhase section */

/* Begin PBXSourcesBuildPhase section */
		0D04EBD824373E80005DACFE /* Sources */ = {
			isa = PBXSourcesBuildPhase;
			buildActionMask = 2147483647;
			files = (
				0D04EBE424373E80005DACFE /* ViewController.swift in Sources */,
				0D04EBE024373E80005DACFE /* AppDelegate.swift in Sources */,
				0D04EBE224373E80005DACFE /* SceneDelegate.swift in Sources */,
				0D04EBF724373F7F005DACFE /* SimpleSound.swift in Sources */,
			);
			runOnlyForDeploymentPostprocessing = 0;
		};
/* End PBXSourcesBuildPhase section */

/* Begin PBXVariantGroup section */
		0D04EBE524373E80005DACFE /* Main.storyboard */ = {
			isa = PBXVariantGroup;
			children = (
				0D04EBE624373E80005DACFE /* Base */,
			);
			name = Main.storyboard;
			sourceTree = "<group>";
		};
		0D04EBEA24373E8A005DACFE /* LaunchScreen.storyboard */ = {
			isa = PBXVariantGroup;
			children = (
				0D04EBEB24373E8A005DACFE /* Base */,
			);
			name = LaunchScreen.storyboard;
			sourceTree = "<group>";
		};
/* End PBXVariantGroup section */

/* Begin XCBuildConfiguration section */
		0D04EBEE24373E8A005DACFE /* Debug */ = {
			isa = XCBuildConfiguration;
			buildSettings = {
				ALWAYS_SEARCH_USER_PATHS = NO;
				CLANG_ANALYZER_NONNULL = YES;
				CLANG_ANALYZER_NUMBER_OBJECT_CONVERSION = YES_AGGRESSIVE;
				CLANG_CXX_LANGUAGE_STANDARD = "gnu++14";
				CLANG_CXX_LIBRARY = "libc++";
				CLANG_ENABLE_MODULES = YES;
				CLANG_ENABLE_OBJC_ARC = YES;
				CLANG_ENABLE_OBJC_WEAK = YES;
				CLANG_WARN_BLOCK_CAPTURE_AUTORELEASING = YES;
				CLANG_WARN_BOOL_CONVERSION = YES;
				CLANG_WARN_COMMA = YES;
				CLANG_WARN_CONSTANT_CONVERSION = YES;
				CLANG_WARN_DEPRECATED_OBJC_IMPLEMENTATIONS = YES;
				CLANG_WARN_DIRECT_OBJC_ISA_USAGE = YES_ERROR;
				CLANG_WARN_DOCUMENTATION_COMMENTS = YES;
				CLANG_WARN_EMPTY_BODY = YES;
				CLANG_WARN_ENUM_CONVERSION = YES;
				CLANG_WARN_INFINITE_RECURSION = YES;
				CLANG_WARN_INT_CONVERSION = YES;
				CLANG_WARN_NON_LITERAL_NULL_CONVERSION = YES;
				CLANG_WARN_OBJC_IMPLICIT_RETAIN_SELF = YES;
				CLANG_WARN_OBJC_LITERAL_CONVERSION = YES;
				CLANG_WARN_OBJC_ROOT_CLASS = YES_ERROR;
				CLANG_WARN_RANGE_LOOP_ANALYSIS = YES;
				CLANG_WARN_STRICT_PROTOTYPES = YES;
				CLANG_WARN_SUSPICIOUS_MOVE = YES;
				CLANG_WARN_UNGUARDED_AVAILABILITY = YES_AGGRESSIVE;
				CLANG_WARN_UNREACHABLE_CODE = YES;
				CLANG_WARN__DUPLICATE_METHOD_MATCH = YES;
				COPY_PHASE_STRIP = NO;
				DEBUG_INFORMATION_FORMAT = dwarf;
				ENABLE_STRICT_OBJC_MSGSEND = YES;
				ENABLE_TESTABILITY = YES;
				GCC_C_LANGUAGE_STANDARD = gnu11;
				GCC_DYNAMIC_NO_PIC = NO;
				GCC_NO_COMMON_BLOCKS = YES;
				GCC_OPTIMIZATION_LEVEL = 0;
				GCC_PREPROCESSOR_DEFINITIONS = (
					"DEBUG=1",
					"$(inherited)",
				);
				GCC_WARN_64_TO_32_BIT_CONVERSION = YES;
				GCC_WARN_ABOUT_RETURN_TYPE = YES_ERROR;
				GCC_WARN_UNDECLARED_SELECTOR = YES;
				GCC_WARN_UNINITIALIZED_AUTOS = YES_AGGRESSIVE;
				GCC_WARN_UNUSED_FUNCTION = YES;
				GCC_WARN_UNUSED_VARIABLE = YES;
				IPHONEOS_DEPLOYMENT_TARGET = 13.4;
				MTL_ENABLE_DEBUG_INFO = INCLUDE_SOURCE;
				MTL_FAST_MATH = YES;
				ONLY_ACTIVE_ARCH = YES;
				SDKROOT = iphoneos;
				SWIFT_ACTIVE_COMPILATION_CONDITIONS = DEBUG;
				SWIFT_OPTIMIZATION_LEVEL = "-Onone";
			};
			name = Debug;
		};
		0D04EBEF24373E8A005DACFE /* Release */ = {
			isa = XCBuildConfiguration;
			buildSettings = {
				ALWAYS_SEARCH_USER_PATHS = NO;
				CLANG_ANALYZER_NONNULL = YES;
				CLANG_ANALYZER_NUMBER_OBJECT_CONVERSION = YES_AGGRESSIVE;
				CLANG_CXX_LANGUAGE_STANDARD = "gnu++14";
				CLANG_CXX_LIBRARY = "libc++";
				CLANG_ENABLE_MODULES = YES;
				CLANG_ENABLE_OBJC_ARC = YES;
				CLANG_ENABLE_OBJC_WEAK = YES;
				CLANG_WARN_BLOCK_CAPTURE_AUTORELEASING = YES;
				CLANG_WARN_BOOL_CONVERSION = YES;
				CLANG_WARN_COMMA = YES;
				CLANG_WARN_CONSTANT_CONVERSION = YES;
				CLANG_WARN_DEPRECATED_OBJC_IMPLEMENTATIONS = YES;
				CLANG_WARN_DIRECT_OBJC_ISA_USAGE = YES_ERROR;
				CLANG_WARN_DOCUMENTATION_COMMENTS = YES;
				CLANG_WARN_EMPTY_BODY = YES;
				CLANG_WARN_ENUM_CONVERSION = YES;
				CLANG_WARN_INFINITE_RECURSION = YES;
				CLANG_WARN_INT_CONVERSION = YES;
				CLANG_WARN_NON_LITERAL_NULL_CONVERSION = YES;
				CLANG_WARN_OBJC_IMPLICIT_RETAIN_SELF = YES;
				CLANG_WARN_OBJC_LITERAL_CONVERSION = YES;
				CLANG_WARN_OBJC_ROOT_CLASS = YES_ERROR;
				CLANG_WARN_RANGE_LOOP_ANALYSIS = YES;
				CLANG_WARN_STRICT_PROTOTYPES = YES;
				CLANG_WARN_SUSPICIOUS_MOVE = YES;
				CLANG_WARN_UNGUARDED_AVAILABILITY = YES_AGGRESSIVE;
				CLANG_WARN_UNREACHABLE_CODE = YES;
				CLANG_WARN__DUPLICATE_METHOD_MATCH = YES;
				COPY_PHASE_STRIP = NO;
				DEBUG_INFORMATION_FORMAT = "dwarf-with-dsym";
				ENABLE_NS_ASSERTIONS = NO;
				ENABLE_STRICT_OBJC_MSGSEND = YES;
				GCC_C_LANGUAGE_STANDARD = gnu11;
				GCC_NO_COMMON_BLOCKS = YES;
				GCC_WARN_64_TO_32_BIT_CONVERSION = YES;
				GCC_WARN_ABOUT_RETURN_TYPE = YES_ERROR;
				GCC_WARN_UNDECLARED_SELECTOR = YES;
				GCC_WARN_UNINITIALIZED_AUTOS = YES_AGGRESSIVE;
				GCC_WARN_UNUSED_FUNCTION = YES;
				GCC_WARN_UNUSED_VARIABLE = YES;
				IPHONEOS_DEPLOYMENT_TARGET = 13.4;
				MTL_ENABLE_DEBUG_INFO = NO;
				MTL_FAST_MATH = YES;
				SDKROOT = iphoneos;
				SWIFT_COMPILATION_MODE = wholemodule;
				SWIFT_OPTIMIZATION_LEVEL = "-O";
				VALIDATE_PRODUCT = YES;
			};
			name = Release;
		};
		0D04EBF124373E8A005DACFE /* Debug */ = {
			isa = XCBuildConfiguration;
			buildSettings = {
				ASSETCATALOG_COMPILER_APPICON_NAME = AppIcon;
				CODE_SIGN_STYLE = Automatic;
				DEVELOPMENT_TEAM = DX3N6KF5SV;
				INFOPLIST_FILE = "AnimalSounds Lesson 18 ItADwS/Info.plist";
				LD_RUNPATH_SEARCH_PATHS = (
					"$(inherited)",
					"@executable_path/Frameworks",
				);
				PRODUCT_BUNDLE_IDENTIFIER = "Ivan-Prybolovetz.AnimalSounds-Lesson-18-ItADwS";
				PRODUCT_NAME = "$(TARGET_NAME)";
				SWIFT_VERSION = 5.0;
				TARGETED_DEVICE_FAMILY = "1,2";
			};
			name = Debug;
		};
		0D04EBF224373E8A005DACFE /* Release */ = {
			isa = XCBuildConfiguration;
			buildSettings = {
				ASSETCATALOG_COMPILER_APPICON_NAME = AppIcon;
				CODE_SIGN_STYLE = Automatic;
				DEVELOPMENT_TEAM = DX3N6KF5SV;
				INFOPLIST_FILE = "AnimalSounds Lesson 18 ItADwS/Info.plist";
				LD_RUNPATH_SEARCH_PATHS = (
					"$(inherited)",
					"@executable_path/Frameworks",
				);
				PRODUCT_BUNDLE_IDENTIFIER = "Ivan-Prybolovetz.AnimalSounds-Lesson-18-ItADwS";
				PRODUCT_NAME = "$(TARGET_NAME)";
				SWIFT_VERSION = 5.0;
				TARGETED_DEVICE_FAMILY = "1,2";
			};
			name = Release;
		};
/* End XCBuildConfiguration section */

/* Begin XCConfigurationList section */
		0D04EBD724373E7F005DACFE /* Build configuration list for PBXProject "AnimalSounds Lesson 18 ItADwS" */ = {
			isa = XCConfigurationList;
			buildConfigurations = (
				0D04EBEE24373E8A005DACFE /* Debug */,
				0D04EBEF24373E8A005DACFE /* Release */,
			);
			defaultConfigurationIsVisible = 0;
			defaultConfigurationName = Release;
		};
		0D04EBF024373E8A005DACFE /* Build configuration list for PBXNativeTarget "AnimalSounds Lesson 18 ItADwS" */ = {
			isa = XCConfigurationList;
			buildConfigurations = (
				0D04EBF124373E8A005DACFE /* Debug */,
				0D04EBF224373E8A005DACFE /* Release */,
			);
			defaultConfigurationIsVisible = 0;
			defaultConfigurationName = Release;
		};
/* End XCConfigurationList section */
	};
	rootObject = 0D04EBD424373E7F005DACFE /* Project object */;
}
